
Microsoft Visual Studio Solution File, Format Version 12.00
# Visual Studio Version 17
VisualStudioVersion = 17.11.35303.130
MinimumVisualStudioVersion = 10.0.40219.1
Project("{9A19103F-16F7-4668-BE54-9A1E7A4F7556}") = "BrandNewDayCL1", "BrandNewDayCL1.csproj", "{0C266644-850B-4506-AFBB-83FF92287C3D}"
EndProject
Project("{9A19103F-16F7-4668-BE54-9A1E7A4F7556}") = "BrandNewDay.API.Test", "..\BrandNewDay.API.Test\BrandNewDay.API.Test.csproj", "{A34DF608-DAD8-487F-9FFD-CD7C0E30F1E3}"
EndProject
Global
	GlobalSection(SolutionConfigurationPlatforms) = preSolution
		Debug|Any CPU = Debug|Any CPU
		Release|Any CPU = Release|Any CPU
	EndGlobalSection
	GlobalSection(ProjectConfigurationPlatforms) = postSolution
		{0C266644-850B-4506-AFBB-83FF92287C3D}.Debug|Any CPU.ActiveCfg = Debug|Any CPU
		{0C266644-850B-4506-AFBB-83FF92287C3D}.Debug|Any CPU.Build.0 = Debug|Any CPU
		{0C266644-850B-4506-AFBB-83FF92287C3D}.Release|Any CPU.ActiveCfg = Release|Any CPU
		{0C266644-850B-4506-AFBB-83FF92287C3D}.Release|Any CPU.Build.0 = Release|Any CPU
		{A34DF608-DAD8-487F-9FFD-CD7C0E30F1E3}.Debug|Any CPU.ActiveCfg = Debug|Any CPU
		{A34DF608-DAD8-487F-9FFD-CD7C0E30F1E3}.Debug|Any CPU.Build.0 = Debug|Any CPU
		{A34DF608-DAD8-487F-9FFD-CD7C0E30F1E3}.Release|Any CPU.ActiveCfg = Release|Any CPU
		{A34DF608-DAD8-487F-9FFD-CD7C0E30F1E3}.Release|Any CPU.Build.0 = Release|Any CPU
	EndGlobalSection
	GlobalSection(SolutionProperties) = preSolution
		HideSolutionNode = FALSE
	EndGlobalSection
	GlobalSection(ExtensibilityGlobals) = postSolution
		SolutionGuid = {CE82563D-AA96-4847-B206-BB1F97BE4ED9}
	EndGlobalSection
EndGlobal
